{
    "_meta": {
        "hash": {
            "sha256": "451b11e15b7e6d32d6cc438f954260451cf716e8eaf000559cfaa3e864822de2"
        },
        "pipfile-spec": 6,
        "requires": {
            "python_version": "3.6"
        },
        "sources": [
            {
                "name": "pypi",
                "url": "https://pypi.org/simple",
                "verify_ssl": true
            }
        ]
    },
    "default": {
        "chessboardcli": {
            "hashes": [
                "sha256:0ced9eb7a8b9d644789bd50f547f5c60a9e88e5d9fef348d2b78ebc9bdeb00a0",
                "sha256:2e2eb333c5f11cb65ca10c5048e2090a47c3a7b336fb1e1a71b060e762444d96"
            ],
            "index": "pypi",
            "version": "==1.3.8"
        },
        "colorline": {
            "hashes": [
                "sha256:457bcbd4484d2663632bcb078943334b477919552c9f9371c39d4c3dad2efb77"
            ],
            "index": "pypi",
            "version": "==1.0.3"
        }
    },
    "develop": {
        "bashplotlib": {
            "hashes": [
                "sha256:9e92e968594436fd631d0ec21c7be45796b173979c07090a441774579baee000",
                "sha256:b1b59be49d6254a5bd808919e0a23a75a703a02e7e84478edda765714e0bfaee"
            ],
            "index": "pypi",
            "version": "==0.6.5"
        }
    }
}
