{
    "_meta": {
        "hash": {
            "sha256": "b65a913b7a08b08e9948987dd3118924a7c9f93932b1d1d50ff8f47107778bdf"
        },
        "pipfile-spec": 6,
        "requires": {
            "python_version": "3.6"
        },
        "sources": [
            {
                "name": "pypi",
                "url": "https://pypi.org/simple",
                "verify_ssl": true
            }
        ]
    },
    "default": {
        "chessboardcli": {
            "hashes": [
                "sha256:75eb27a4faefe047ad2dde7e731f7b8ce68fdc8a67638c6c58cfe2121e4a7e1f",
                "sha256:b0c878489c2a43b0ed58643f4658c956c8e1b5a01c1243cfce9b4f4387842692"
            ],
            "index": "pypi",
            "version": "==1.3.7"
        },
        "colorline": {
            "hashes": [
                "sha256:457bcbd4484d2663632bcb078943334b477919552c9f9371c39d4c3dad2efb77"
            ],
            "index": "pypi",
            "version": "==1.0.3"
        }
    },
    "develop": {}
}
