{
    "_meta": {
        "hash": {
            "sha256": "c064ffb9d261e5b51dbf876834c07996a25e8ab70e74d4c759a39fde6bf66778"
        },
        "pipfile-spec": 6,
        "requires": {
            "python_version": "3.6"
        },
        "sources": [
            {
                "name": "pypi",
                "url": "https://pypi.org/simple",
                "verify_ssl": true
            }
        ]
    },
    "default": {
        "chessboardcli": {
            "hashes": [
                "sha256:a024d8fdc39cac6bba7be96dd539ced374b398e903584d8031da7894618a8ff5",
                "sha256:a64ad8a066149172291506abecf1803118cb5f2a84399a829508bdadf3584bcd"
            ],
            "index": "pypi",
            "version": "==1.3.6"
        },
        "colorline": {
            "hashes": [
                "sha256:457bcbd4484d2663632bcb078943334b477919552c9f9371c39d4c3dad2efb77"
            ],
            "index": "pypi",
            "version": "==1.0.3"
        }
    },
    "develop": {}
}
